
Microsoft Visual Studio Solution File, Format Version 12.00
# Visual Studio 15
VisualStudioVersion = 15.0.27703.2042
MinimumVisualStudioVersion = 10.0.40219.1
Project("{FAE04EC0-301F-11D3-BF4B-00C04F79EFBC}") = "ZqDS", "ZqDS\ZqDS.csproj", "{F1EA2291-B76E-4DA6-AEFD-DE1DF81C0270}"
EndProject
Global
	GlobalSection(SolutionConfigurationPlatforms) = preSolution
		Debug|Any CPU = Debug|Any CPU
		Release|Any CPU = Release|Any CPU
	EndGlobalSection
	GlobalSection(ProjectConfigurationPlatforms) = postSolution
		{F1EA2291-B76E-4DA6-AEFD-DE1DF81C0270}.Debug|Any CPU.ActiveCfg = Debug|Any CPU
		{F1EA2291-B76E-4DA6-AEFD-DE1DF81C0270}.Debug|Any CPU.Build.0 = Debug|Any CPU
		{F1EA2291-B76E-4DA6-AEFD-DE1DF81C0270}.Release|Any CPU.ActiveCfg = Release|Any CPU
		{F1EA2291-B76E-4DA6-AEFD-DE1DF81C0270}.Release|Any CPU.Build.0 = Release|Any CPU
	EndGlobalSection
	GlobalSection(SolutionProperties) = preSolution
		HideSolutionNode = FALSE
	EndGlobalSection
	GlobalSection(ExtensibilityGlobals) = postSolution
		SolutionGuid = {7AE69124-E2EA-45CD-A91D-176BD9B969EE}
	EndGlobalSection
EndGlobal
